
Microsoft Visual Studio Solution File, Format Version 12.00
# Visual Studio 15
VisualStudioVersion = 15.0.27130.0
MinimumVisualStudioVersion = 10.0.40219.1
Project("{FAE04EC0-301F-11D3-BF4B-00C04F79EFBC}") = "Repository", "Repository\Repository.csproj", "{FE515CF8-70EE-428C-9D4E-4D042E661143}"
EndProject
Global
	GlobalSection(SolutionConfigurationPlatforms) = preSolution
		Debug|Any CPU = Debug|Any CPU
		Release|Any CPU = Release|Any CPU
	EndGlobalSection
	GlobalSection(ProjectConfigurationPlatforms) = postSolution
		{FE515CF8-70EE-428C-9D4E-4D042E661143}.Debug|Any CPU.ActiveCfg = Debug|Any CPU
		{FE515CF8-70EE-428C-9D4E-4D042E661143}.Debug|Any CPU.Build.0 = Debug|Any CPU
		{FE515CF8-70EE-428C-9D4E-4D042E661143}.Release|Any CPU.ActiveCfg = Release|Any CPU
		{FE515CF8-70EE-428C-9D4E-4D042E661143}.Release|Any CPU.Build.0 = Release|Any CPU
	EndGlobalSection
	GlobalSection(SolutionProperties) = preSolution
		HideSolutionNode = FALSE
	EndGlobalSection
	GlobalSection(ExtensibilityGlobals) = postSolution
		SolutionGuid = {AA8A70E8-459B-401F-91EB-01E39C18AA93}
	EndGlobalSection
EndGlobal
